
Microsoft Visual Studio Solution File, Format Version 12.00
# Visual Studio 2013
VisualStudioVersion = 12.0.21005.1
MinimumVisualStudioVersion = 10.0.40219.1
Project("{FAE04EC0-301F-11D3-BF4B-00C04F79EFBC}") = "SalesforceMagic", "SalesforceMagic\SalesforceMagic.csproj", "{2B4E24AE-F8EE-4585-92E7-90CF45982CC2}"
EndProject
Project("{FAE04EC0-301F-11D3-BF4B-00C04F79EFBC}") = "ConsoleApplication1", "ConsoleApplication1\ConsoleApplication1.csproj", "{145A6F0F-2B68-4327-AE8A-06699517F2F8}"
EndProject
Global
	GlobalSection(SolutionConfigurationPlatforms) = preSolution
		Debug|Any CPU = Debug|Any CPU
		Release|Any CPU = Release|Any CPU
	EndGlobalSection
	GlobalSection(ProjectConfigurationPlatforms) = postSolution
		{2B4E24AE-F8EE-4585-92E7-90CF45982CC2}.Debug|Any CPU.ActiveCfg = Debug|Any CPU
		{2B4E24AE-F8EE-4585-92E7-90CF45982CC2}.Debug|Any CPU.Build.0 = Debug|Any CPU
		{2B4E24AE-F8EE-4585-92E7-90CF45982CC2}.Release|Any CPU.ActiveCfg = Release|Any CPU
		{2B4E24AE-F8EE-4585-92E7-90CF45982CC2}.Release|Any CPU.Build.0 = Release|Any CPU
		{145A6F0F-2B68-4327-AE8A-06699517F2F8}.Debug|Any CPU.ActiveCfg = Debug|Any CPU
		{145A6F0F-2B68-4327-AE8A-06699517F2F8}.Debug|Any CPU.Build.0 = Debug|Any CPU
		{145A6F0F-2B68-4327-AE8A-06699517F2F8}.Release|Any CPU.ActiveCfg = Release|Any CPU
		{145A6F0F-2B68-4327-AE8A-06699517F2F8}.Release|Any CPU.Build.0 = Release|Any CPU
	EndGlobalSection
	GlobalSection(SolutionProperties) = preSolution
		HideSolutionNode = FALSE
	EndGlobalSection
EndGlobal
